
Microsoft Visual Studio Solution File, Format Version 12.00
# Visual Studio Version 17
VisualStudioVersion = 17.8.34408.163
MinimumVisualStudioVersion = 10.0.40219.1
Project("{FAE04EC0-301F-11D3-BF4B-00C04F79EFBC}") = "WPFSzamok", "WPFSzamok\WPFSzamok.csproj", "{60BB08CE-4335-488C-AF64-0ED95033BE10}"
EndProject
Global
	GlobalSection(SolutionConfigurationPlatforms) = preSolution
		Debug|Any CPU = Debug|Any CPU
		Release|Any CPU = Release|Any CPU
	EndGlobalSection
	GlobalSection(ProjectConfigurationPlatforms) = postSolution
		{60BB08CE-4335-488C-AF64-0ED95033BE10}.Debug|Any CPU.ActiveCfg = Debug|Any CPU
		{60BB08CE-4335-488C-AF64-0ED95033BE10}.Debug|Any CPU.Build.0 = Debug|Any CPU
		{60BB08CE-4335-488C-AF64-0ED95033BE10}.Release|Any CPU.ActiveCfg = Release|Any CPU
		{60BB08CE-4335-488C-AF64-0ED95033BE10}.Release|Any CPU.Build.0 = Release|Any CPU
	EndGlobalSection
	GlobalSection(SolutionProperties) = preSolution
		HideSolutionNode = FALSE
	EndGlobalSection
	GlobalSection(ExtensibilityGlobals) = postSolution
		SolutionGuid = {43323930-C320-4251-8FCB-D4654F6E6944}
	EndGlobalSection
EndGlobal
